// !$*UTF8*$!
{
	archiveVersion = 1;
	classes = {
	};
	objectVersion = 55;
	objects = {

/* Begin PBXBuildFile section */
		B135FA8027C80C7200521EAD /* AppDelegate.swift in Sources */ = {isa = PBXBuildFile; fileRef = B135FA7F27C80C7200521EAD /* AppDelegate.swift */; };
		B135FA8227C80C7200521EAD /* SceneDelegate.swift in Sources */ = {isa = PBXBuildFile; fileRef = B135FA8127C80C7200521EAD /* SceneDelegate.swift */; };
		B135FA8927C80C7600521EAD /* Assets.xcassets in Resources */ = {isa = PBXBuildFile; fileRef = B135FA8827C80C7600521EAD /* Assets.xcassets */; };
		B135FA8C27C80C7600521EAD /* LaunchScreen.storyboard in Resources */ = {isa = PBXBuildFile; fileRef = B135FA8A27C80C7600521EAD /* LaunchScreen.storyboard */; };
		B18F93DF27CC273F000A0673 /* RegisterService.swift in Sources */ = {isa = PBXBuildFile; fileRef = B18F93DE27CC273F000A0673 /* RegisterService.swift */; };
		B18F93E127CC2967000A0673 /* NavigationRouter.swift in Sources */ = {isa = PBXBuildFile; fileRef = B18F93E027CC2966000A0673 /* NavigationRouter.swift */; };
		B18F93E327CC2A7F000A0673 /* AppCoordinator.swift in Sources */ = {isa = PBXBuildFile; fileRef = B18F93E227CC2A7F000A0673 /* AppCoordinator.swift */; };
		B18F93E527CC36DD000A0673 /* ModalRouter.swift in Sources */ = {isa = PBXBuildFile; fileRef = B18F93E427CC36DD000A0673 /* ModalRouter.swift */; };
		B18F93E727CC38C4000A0673 /* AppService.swift in Sources */ = {isa = PBXBuildFile; fileRef = B18F93E627CC38C4000A0673 /* AppService.swift */; };
		B1A03DD427CC07C4006C38A0 /* CoordinatorProtocol.swift in Sources */ = {isa = PBXBuildFile; fileRef = B1A03DD327CC07C4006C38A0 /* CoordinatorProtocol.swift */; };
		B1A03DD627CC0938006C38A0 /* Router.swift in Sources */ = {isa = PBXBuildFile; fileRef = B1A03DD527CC0938006C38A0 /* Router.swift */; };
		B1A03DDA27CC11E2006C38A0 /* Coordinator.swift in Sources */ = {isa = PBXBuildFile; fileRef = B1A03DD927CC11E2006C38A0 /* Coordinator.swift */; };
		B1A03DE627CC16AC006C38A0 /* LoginCoordinator.swift in Sources */ = {isa = PBXBuildFile; fileRef = B1A03DE527CC16AC006C38A0 /* LoginCoordinator.swift */; };
		B1A03DE827CC17A6006C38A0 /* AppRouter.swift in Sources */ = {isa = PBXBuildFile; fileRef = B1A03DE727CC17A6006C38A0 /* AppRouter.swift */; };
		B1A03DEA27CC1BB0006C38A0 /* LoginService.swift in Sources */ = {isa = PBXBuildFile; fileRef = B1A03DE927CC1BB0006C38A0 /* LoginService.swift */; };
		B1A03DEC27CC1C15006C38A0 /* LoginViewController.swift in Sources */ = {isa = PBXBuildFile; fileRef = B1A03DEB27CC1C15006C38A0 /* LoginViewController.swift */; };
		B1A03DEE27CC1C36006C38A0 /* LoginViewModel.swift in Sources */ = {isa = PBXBuildFile; fileRef = B1A03DED27CC1C36006C38A0 /* LoginViewModel.swift */; };
		B1FBDA8C27CC1EDF0070A743 /* LoginView.swift in Sources */ = {isa = PBXBuildFile; fileRef = B1FBDA8B27CC1EDF0070A743 /* LoginView.swift */; };
		B1FBDA9027CC25650070A743 /* RegisterCoordinator.swift in Sources */ = {isa = PBXBuildFile; fileRef = B1FBDA8F27CC25650070A743 /* RegisterCoordinator.swift */; };
		B1FBDA9327CC25C80070A743 /* RegisterViewController.swift in Sources */ = {isa = PBXBuildFile; fileRef = B1FBDA9227CC25C80070A743 /* RegisterViewController.swift */; };
		B1FBDA9627CC26410070A743 /* RegisterViewModel.swift in Sources */ = {isa = PBXBuildFile; fileRef = B1FBDA9527CC26410070A743 /* RegisterViewModel.swift */; };
/* End PBXBuildFile section */

/* Begin PBXFileReference section */
		B135FA7C27C80C7200521EAD /* AdvancedCoordinator.app */ = {isa = PBXFileReference; explicitFileType = wrapper.application; includeInIndex = 0; path = AdvancedCoordinator.app; sourceTree = BUILT_PRODUCTS_DIR; };
		B135FA7F27C80C7200521EAD /* AppDelegate.swift */ = {isa = PBXFileReference; lastKnownFileType = sourcecode.swift; path = AppDelegate.swift; sourceTree = "<group>"; };
		B135FA8127C80C7200521EAD /* SceneDelegate.swift */ = {isa = PBXFileReference; lastKnownFileType = sourcecode.swift; path = SceneDelegate.swift; sourceTree = "<group>"; };
		B135FA8827C80C7600521EAD /* Assets.xcassets */ = {isa = PBXFileReference; lastKnownFileType = folder.assetcatalog; path = Assets.xcassets; sourceTree = "<group>"; };
		B135FA8B27C80C7600521EAD /* Base */ = {isa = PBXFileReference; lastKnownFileType = file.storyboard; name = Base; path = Base.lproj/LaunchScreen.storyboard; sourceTree = "<group>"; };
		B135FA8D27C80C7600521EAD /* Info.plist */ = {isa = PBXFileReference; lastKnownFileType = text.plist.xml; path = Info.plist; sourceTree = "<group>"; };
		B18F93DE27CC273F000A0673 /* RegisterService.swift */ = {isa = PBXFileReference; lastKnownFileType = sourcecode.swift; path = RegisterService.swift; sourceTree = "<group>"; };
		B18F93E027CC2966000A0673 /* NavigationRouter.swift */ = {isa = PBXFileReference; lastKnownFileType = sourcecode.swift; path = NavigationRouter.swift; sourceTree = "<group>"; };
		B18F93E227CC2A7F000A0673 /* AppCoordinator.swift */ = {isa = PBXFileReference; lastKnownFileType = sourcecode.swift; path = AppCoordinator.swift; sourceTree = "<group>"; };
		B18F93E427CC36DD000A0673 /* ModalRouter.swift */ = {isa = PBXFileReference; lastKnownFileType = sourcecode.swift; path = ModalRouter.swift; sourceTree = "<group>"; };
		B18F93E627CC38C4000A0673 /* AppService.swift */ = {isa = PBXFileReference; lastKnownFileType = sourcecode.swift; path = AppService.swift; sourceTree = "<group>"; };
		B1A03DD327CC07C4006C38A0 /* CoordinatorProtocol.swift */ = {isa = PBXFileReference; lastKnownFileType = sourcecode.swift; path = CoordinatorProtocol.swift; sourceTree = "<group>"; };
		B1A03DD527CC0938006C38A0 /* Router.swift */ = {isa = PBXFileReference; lastKnownFileType = sourcecode.swift; path = Router.swift; sourceTree = "<group>"; };
		B1A03DD927CC11E2006C38A0 /* Coordinator.swift */ = {isa = PBXFileReference; lastKnownFileType = sourcecode.swift; path = Coordinator.swift; sourceTree = "<group>"; };
		B1A03DE527CC16AC006C38A0 /* LoginCoordinator.swift */ = {isa = PBXFileReference; lastKnownFileType = sourcecode.swift; path = LoginCoordinator.swift; sourceTree = "<group>"; };
		B1A03DE727CC17A6006C38A0 /* AppRouter.swift */ = {isa = PBXFileReference; lastKnownFileType = sourcecode.swift; path = AppRouter.swift; sourceTree = "<group>"; };
		B1A03DE927CC1BB0006C38A0 /* LoginService.swift */ = {isa = PBXFileReference; lastKnownFileType = sourcecode.swift; path = LoginService.swift; sourceTree = "<group>"; };
		B1A03DEB27CC1C15006C38A0 /* LoginViewController.swift */ = {isa = PBXFileReference; lastKnownFileType = sourcecode.swift; path = LoginViewController.swift; sourceTree = "<group>"; };
		B1A03DED27CC1C36006C38A0 /* LoginViewModel.swift */ = {isa = PBXFileReference; lastKnownFileType = sourcecode.swift; path = LoginViewModel.swift; sourceTree = "<group>"; };
		B1FBDA8B27CC1EDF0070A743 /* LoginView.swift */ = {isa = PBXFileReference; lastKnownFileType = sourcecode.swift; path = LoginView.swift; sourceTree = "<group>"; };
		B1FBDA8F27CC25650070A743 /* RegisterCoordinator.swift */ = {isa = PBXFileReference; lastKnownFileType = sourcecode.swift; path = RegisterCoordinator.swift; sourceTree = "<group>"; };
		B1FBDA9227CC25C80070A743 /* RegisterViewController.swift */ = {isa = PBXFileReference; lastKnownFileType = sourcecode.swift; path = RegisterViewController.swift; sourceTree = "<group>"; };
		B1FBDA9527CC26410070A743 /* RegisterViewModel.swift */ = {isa = PBXFileReference; lastKnownFileType = sourcecode.swift; path = RegisterViewModel.swift; sourceTree = "<group>"; };
/* End PBXFileReference section */

/* Begin PBXFrameworksBuildPhase section */
		B135FA7927C80C7200521EAD /* Frameworks */ = {
			isa = PBXFrameworksBuildPhase;
			buildActionMask = 2147483647;
			files = (
			);
			runOnlyForDeploymentPostprocessing = 0;
		};
/* End PBXFrameworksBuildPhase section */

/* Begin PBXGroup section */
		B135FA7327C80C7200521EAD = {
			isa = PBXGroup;
			children = (
				B135FA7E27C80C7200521EAD /* AdvancedCoordinator */,
				B135FA7D27C80C7200521EAD /* Products */,
			);
			sourceTree = "<group>";
		};
		B135FA7D27C80C7200521EAD /* Products */ = {
			isa = PBXGroup;
			children = (
				B135FA7C27C80C7200521EAD /* AdvancedCoordinator.app */,
			);
			name = Products;
			sourceTree = "<group>";
		};
		B135FA7E27C80C7200521EAD /* AdvancedCoordinator */ = {
			isa = PBXGroup;
			children = (
				B18F93E827CC3909000A0673 /* App */,
				B1A03DDB27CC1620006C38A0 /* Scenes */,
				B1A03DD027CC06DC006C38A0 /* Patterns */,
				B1A03DCF27CC06A2006C38A0 /* Defaults */,
				B135FA8D27C80C7600521EAD /* Info.plist */,
			);
			path = AdvancedCoordinator;
			sourceTree = "<group>";
		};
		B18F93DD27CC2735000A0673 /* Service */ = {
			isa = PBXGroup;
			children = (
				B18F93DE27CC273F000A0673 /* RegisterService.swift */,
			);
			path = Service;
			sourceTree = "<group>";
		};
		B18F93E827CC3909000A0673 /* App */ = {
			isa = PBXGroup;
			children = (
				B1A03DE727CC17A6006C38A0 /* AppRouter.swift */,
				B18F93E627CC38C4000A0673 /* AppService.swift */,
				B18F93E227CC2A7F000A0673 /* AppCoordinator.swift */,
			);
			path = App;
			sourceTree = "<group>";
		};
		B1A03DCF27CC06A2006C38A0 /* Defaults */ = {
			isa = PBXGroup;
			children = (
				B135FA7F27C80C7200521EAD /* AppDelegate.swift */,
				B135FA8127C80C7200521EAD /* SceneDelegate.swift */,
				B135FA8827C80C7600521EAD /* Assets.xcassets */,
				B135FA8A27C80C7600521EAD /* LaunchScreen.storyboard */,
			);
			path = Defaults;
			sourceTree = "<group>";
		};
		B1A03DD027CC06DC006C38A0 /* Patterns */ = {
			isa = PBXGroup;
			children = (
				B1A03DD227CC06EA006C38A0 /* Routers */,
				B1A03DD127CC06E5006C38A0 /* Coordinator */,
			);
			path = Patterns;
			sourceTree = "<group>";
		};
		B1A03DD127CC06E5006C38A0 /* Coordinator */ = {
			isa = PBXGroup;
			children = (
				B1A03DD327CC07C4006C38A0 /* CoordinatorProtocol.swift */,
				B1A03DD927CC11E2006C38A0 /* Coordinator.swift */,
			);
			path = Coordinator;
			sourceTree = "<group>";
		};
		B1A03DD227CC06EA006C38A0 /* Routers */ = {
			isa = PBXGroup;
			children = (
				B1A03DD527CC0938006C38A0 /* Router.swift */,
				B18F93E427CC36DD000A0673 /* ModalRouter.swift */,
				B18F93E027CC2966000A0673 /* NavigationRouter.swift */,
			);
			path = Routers;
			sourceTree = "<group>";
		};
		B1A03DDB27CC1620006C38A0 /* Scenes */ = {
			isa = PBXGroup;
			children = (
				B1FBDA8D27CC25480070A743 /* Register */,
				B1A03DDC27CC1623006C38A0 /* Login */,
			);
			path = Scenes;
			sourceTree = "<group>";
		};
		B1A03DDC27CC1623006C38A0 /* Login */ = {
			isa = PBXGroup;
			children = (
				B1A03DE427CC165C006C38A0 /* Coordinators */,
				B1A03DE327CC1655006C38A0 /* Routers */,
				B1A03DE227CC164B006C38A0 /* Service */,
				B1A03DE127CC163E006C38A0 /* DataViewModels */,
				B1A03DE027CC163B006C38A0 /* ViewModels */,
				B1A03DDF27CC1637006C38A0 /* Models */,
				B1A03DDE27CC1631006C38A0 /* Controllers */,
				B1A03DDD27CC162A006C38A0 /* Views */,
			);
			path = Login;
			sourceTree = "<group>";
		};
		B1A03DDD27CC162A006C38A0 /* Views */ = {
			isa = PBXGroup;
			children = (
				B1FBDA8B27CC1EDF0070A743 /* LoginView.swift */,
			);
			path = Views;
			sourceTree = "<group>";
		};
		B1A03DDE27CC1631006C38A0 /* Controllers */ = {
			isa = PBXGroup;
			children = (
				B1A03DEB27CC1C15006C38A0 /* LoginViewController.swift */,
			);
			path = Controllers;
			sourceTree = "<group>";
		};
		B1A03DDF27CC1637006C38A0 /* Models */ = {
			isa = PBXGroup;
			children = (
			);
			path = Models;
			sourceTree = "<group>";
		};
		B1A03DE027CC163B006C38A0 /* ViewModels */ = {
			isa = PBXGroup;
			children = (
				B1A03DED27CC1C36006C38A0 /* LoginViewModel.swift */,
			);
			path = ViewModels;
			sourceTree = "<group>";
		};
		B1A03DE127CC163E006C38A0 /* DataViewModels */ = {
			isa = PBXGroup;
			children = (
			);
			path = DataViewModels;
			sourceTree = "<group>";
		};
		B1A03DE227CC164B006C38A0 /* Service */ = {
			isa = PBXGroup;
			children = (
				B1A03DE927CC1BB0006C38A0 /* LoginService.swift */,
			);
			path = Service;
			sourceTree = "<group>";
		};
		B1A03DE327CC1655006C38A0 /* Routers */ = {
			isa = PBXGroup;
			children = (
			);
			path = Routers;
			sourceTree = "<group>";
		};
		B1A03DE427CC165C006C38A0 /* Coordinators */ = {
			isa = PBXGroup;
			children = (
				B1A03DE527CC16AC006C38A0 /* LoginCoordinator.swift */,
			);
			path = Coordinators;
			sourceTree = "<group>";
		};
		B1FBDA8D27CC25480070A743 /* Register */ = {
			isa = PBXGroup;
			children = (
				B18F93DD27CC2735000A0673 /* Service */,
				B1FBDA9427CC26390070A743 /* ViewModel */,
				B1FBDA9127CC25BD0070A743 /* ViewController */,
				B1FBDA8E27CC254E0070A743 /* Coordinator */,
			);
			path = Register;
			sourceTree = "<group>";
		};
		B1FBDA8E27CC254E0070A743 /* Coordinator */ = {
			isa = PBXGroup;
			children = (
				B1FBDA8F27CC25650070A743 /* RegisterCoordinator.swift */,
			);
			path = Coordinator;
			sourceTree = "<group>";
		};
		B1FBDA9127CC25BD0070A743 /* ViewController */ = {
			isa = PBXGroup;
			children = (
				B1FBDA9227CC25C80070A743 /* RegisterViewController.swift */,
			);
			path = ViewController;
			sourceTree = "<group>";
		};
		B1FBDA9427CC26390070A743 /* ViewModel */ = {
			isa = PBXGroup;
			children = (
				B1FBDA9527CC26410070A743 /* RegisterViewModel.swift */,
			);
			path = ViewModel;
			sourceTree = "<group>";
		};
/* End PBXGroup section */

/* Begin PBXNativeTarget section */
		B135FA7B27C80C7200521EAD /* AdvancedCoordinator */ = {
			isa = PBXNativeTarget;
			buildConfigurationList = B135FA9027C80C7600521EAD /* Build configuration list for PBXNativeTarget "AdvancedCoordinator" */;
			buildPhases = (
				B135FA7827C80C7200521EAD /* Sources */,
				B135FA7927C80C7200521EAD /* Frameworks */,
				B135FA7A27C80C7200521EAD /* Resources */,
			);
			buildRules = (
			);
			dependencies = (
			);
			name = AdvancedCoordinator;
			productName = AdvancedCoordinator;
			productReference = B135FA7C27C80C7200521EAD /* AdvancedCoordinator.app */;
			productType = "com.apple.product-type.application";
		};
/* End PBXNativeTarget section */

/* Begin PBXProject section */
		B135FA7427C80C7200521EAD /* Project object */ = {
			isa = PBXProject;
			attributes = {
				BuildIndependentTargetsInParallel = 1;
				LastSwiftUpdateCheck = 1310;
				LastUpgradeCheck = 1310;
				TargetAttributes = {
					B135FA7B27C80C7200521EAD = {
						CreatedOnToolsVersion = 13.1;
					};
				};
			};
			buildConfigurationList = B135FA7727C80C7200521EAD /* Build configuration list for PBXProject "AdvancedCoordinator" */;
			compatibilityVersion = "Xcode 13.0";
			developmentRegion = en;
			hasScannedForEncodings = 0;
			knownRegions = (
				en,
				Base,
			);
			mainGroup = B135FA7327C80C7200521EAD;
			productRefGroup = B135FA7D27C80C7200521EAD /* Products */;
			projectDirPath = "";
			projectRoot = "";
			targets = (
				B135FA7B27C80C7200521EAD /* AdvancedCoordinator */,
			);
		};
/* End PBXProject section */

/* Begin PBXResourcesBuildPhase section */
		B135FA7A27C80C7200521EAD /* Resources */ = {
			isa = PBXResourcesBuildPhase;
			buildActionMask = 2147483647;
			files = (
				B135FA8C27C80C7600521EAD /* LaunchScreen.storyboard in Resources */,
				B135FA8927C80C7600521EAD /* Assets.xcassets in Resources */,
			);
			runOnlyForDeploymentPostprocessing = 0;
		};
/* End PBXResourcesBuildPhase section */

/* Begin PBXSourcesBuildPhase section */
		B135FA7827C80C7200521EAD /* Sources */ = {
			isa = PBXSourcesBuildPhase;
			buildActionMask = 2147483647;
			files = (
				B1A03DEC27CC1C15006C38A0 /* LoginViewController.swift in Sources */,
				B1A03DE627CC16AC006C38A0 /* LoginCoordinator.swift in Sources */,
				B18F93E327CC2A7F000A0673 /* AppCoordinator.swift in Sources */,
				B18F93E127CC2967000A0673 /* NavigationRouter.swift in Sources */,
				B1A03DD627CC0938006C38A0 /* Router.swift in Sources */,
				B1A03DD427CC07C4006C38A0 /* CoordinatorProtocol.swift in Sources */,
				B1A03DDA27CC11E2006C38A0 /* Coordinator.swift in Sources */,
				B1FBDA9027CC25650070A743 /* RegisterCoordinator.swift in Sources */,
				B1A03DE827CC17A6006C38A0 /* AppRouter.swift in Sources */,
				B135FA8027C80C7200521EAD /* AppDelegate.swift in Sources */,
				B135FA8227C80C7200521EAD /* SceneDelegate.swift in Sources */,
				B18F93DF27CC273F000A0673 /* RegisterService.swift in Sources */,
				B18F93E527CC36DD000A0673 /* ModalRouter.swift in Sources */,
				B1FBDA9627CC26410070A743 /* RegisterViewModel.swift in Sources */,
				B18F93E727CC38C4000A0673 /* AppService.swift in Sources */,
				B1FBDA8C27CC1EDF0070A743 /* LoginView.swift in Sources */,
				B1FBDA9327CC25C80070A743 /* RegisterViewController.swift in Sources */,
				B1A03DEE27CC1C36006C38A0 /* LoginViewModel.swift in Sources */,
				B1A03DEA27CC1BB0006C38A0 /* LoginService.swift in Sources */,
			);
			runOnlyForDeploymentPostprocessing = 0;
		};
/* End PBXSourcesBuildPhase section */

/* Begin PBXVariantGroup section */
		B135FA8A27C80C7600521EAD /* LaunchScreen.storyboard */ = {
			isa = PBXVariantGroup;
			children = (
				B135FA8B27C80C7600521EAD /* Base */,
			);
			name = LaunchScreen.storyboard;
			sourceTree = "<group>";
		};
/* End PBXVariantGroup section */

/* Begin XCBuildConfiguration section */
		B135FA8E27C80C7600521EAD /* Debug */ = {
			isa = XCBuildConfiguration;
			buildSettings = {
				ALWAYS_SEARCH_USER_PATHS = NO;
				CLANG_ANALYZER_NONNULL = YES;
				CLANG_ANALYZER_NUMBER_OBJECT_CONVERSION = YES_AGGRESSIVE;
				CLANG_CXX_LANGUAGE_STANDARD = "gnu++17";
				CLANG_CXX_LIBRARY = "libc++";
				CLANG_ENABLE_MODULES = YES;
				CLANG_ENABLE_OBJC_ARC = YES;
				CLANG_ENABLE_OBJC_WEAK = YES;
				CLANG_WARN_BLOCK_CAPTURE_AUTORELEASING = YES;
				CLANG_WARN_BOOL_CONVERSION = YES;
				CLANG_WARN_COMMA = YES;
				CLANG_WARN_CONSTANT_CONVERSION = YES;
				CLANG_WARN_DEPRECATED_OBJC_IMPLEMENTATIONS = YES;
				CLANG_WARN_DIRECT_OBJC_ISA_USAGE = YES_ERROR;
				CLANG_WARN_DOCUMENTATION_COMMENTS = YES;
				CLANG_WARN_EMPTY_BODY = YES;
				CLANG_WARN_ENUM_CONVERSION = YES;
				CLANG_WARN_INFINITE_RECURSION = YES;
				CLANG_WARN_INT_CONVERSION = YES;
				CLANG_WARN_NON_LITERAL_NULL_CONVERSION = YES;
				CLANG_WARN_OBJC_IMPLICIT_RETAIN_SELF = YES;
				CLANG_WARN_OBJC_LITERAL_CONVERSION = YES;
				CLANG_WARN_OBJC_ROOT_CLASS = YES_ERROR;
				CLANG_WARN_QUOTED_INCLUDE_IN_FRAMEWORK_HEADER = YES;
				CLANG_WARN_RANGE_LOOP_ANALYSIS = YES;
				CLANG_WARN_STRICT_PROTOTYPES = YES;
				CLANG_WARN_SUSPICIOUS_MOVE = YES;
				CLANG_WARN_UNGUARDED_AVAILABILITY = YES_AGGRESSIVE;
				CLANG_WARN_UNREACHABLE_CODE = YES;
				CLANG_WARN__DUPLICATE_METHOD_MATCH = YES;
				COPY_PHASE_STRIP = NO;
				DEBUG_INFORMATION_FORMAT = dwarf;
				ENABLE_STRICT_OBJC_MSGSEND = YES;
				ENABLE_TESTABILITY = YES;
				GCC_C_LANGUAGE_STANDARD = gnu11;
				GCC_DYNAMIC_NO_PIC = NO;
				GCC_NO_COMMON_BLOCKS = YES;
				GCC_OPTIMIZATION_LEVEL = 0;
				GCC_PREPROCESSOR_DEFINITIONS = (
					"DEBUG=1",
					"$(inherited)",
				);
				GCC_WARN_64_TO_32_BIT_CONVERSION = YES;
				GCC_WARN_ABOUT_RETURN_TYPE = YES_ERROR;
				GCC_WARN_UNDECLARED_SELECTOR = YES;
				GCC_WARN_UNINITIALIZED_AUTOS = YES_AGGRESSIVE;
				GCC_WARN_UNUSED_FUNCTION = YES;
				GCC_WARN_UNUSED_VARIABLE = YES;
				IPHONEOS_DEPLOYMENT_TARGET = 15.0;
				MTL_ENABLE_DEBUG_INFO = INCLUDE_SOURCE;
				MTL_FAST_MATH = YES;
				ONLY_ACTIVE_ARCH = YES;
				SDKROOT = iphoneos;
				SWIFT_ACTIVE_COMPILATION_CONDITIONS = DEBUG;
				SWIFT_OPTIMIZATION_LEVEL = "-Onone";
			};
			name = Debug;
		};
		B135FA8F27C80C7600521EAD /* Release */ = {
			isa = XCBuildConfiguration;
			buildSettings = {
				ALWAYS_SEARCH_USER_PATHS = NO;
				CLANG_ANALYZER_NONNULL = YES;
				CLANG_ANALYZER_NUMBER_OBJECT_CONVERSION = YES_AGGRESSIVE;
				CLANG_CXX_LANGUAGE_STANDARD = "gnu++17";
				CLANG_CXX_LIBRARY = "libc++";
				CLANG_ENABLE_MODULES = YES;
				CLANG_ENABLE_OBJC_ARC = YES;
				CLANG_ENABLE_OBJC_WEAK = YES;
				CLANG_WARN_BLOCK_CAPTURE_AUTORELEASING = YES;
				CLANG_WARN_BOOL_CONVERSION = YES;
				CLANG_WARN_COMMA = YES;
				CLANG_WARN_CONSTANT_CONVERSION = YES;
				CLANG_WARN_DEPRECATED_OBJC_IMPLEMENTATIONS = YES;
				CLANG_WARN_DIRECT_OBJC_ISA_USAGE = YES_ERROR;
				CLANG_WARN_DOCUMENTATION_COMMENTS = YES;
				CLANG_WARN_EMPTY_BODY = YES;
				CLANG_WARN_ENUM_CONVERSION = YES;
				CLANG_WARN_INFINITE_RECURSION = YES;
				CLANG_WARN_INT_CONVERSION = YES;
				CLANG_WARN_NON_LITERAL_NULL_CONVERSION = YES;
				CLANG_WARN_OBJC_IMPLICIT_RETAIN_SELF = YES;
				CLANG_WARN_OBJC_LITERAL_CONVERSION = YES;
				CLANG_WARN_OBJC_ROOT_CLASS = YES_ERROR;
				CLANG_WARN_QUOTED_INCLUDE_IN_FRAMEWORK_HEADER = YES;
				CLANG_WARN_RANGE_LOOP_ANALYSIS = YES;
				CLANG_WARN_STRICT_PROTOTYPES = YES;
				CLANG_WARN_SUSPICIOUS_MOVE = YES;
				CLANG_WARN_UNGUARDED_AVAILABILITY = YES_AGGRESSIVE;
				CLANG_WARN_UNREACHABLE_CODE = YES;
				CLANG_WARN__DUPLICATE_METHOD_MATCH = YES;
				COPY_PHASE_STRIP = NO;
				DEBUG_INFORMATION_FORMAT = "dwarf-with-dsym";
				ENABLE_NS_ASSERTIONS = NO;
				ENABLE_STRICT_OBJC_MSGSEND = YES;
				GCC_C_LANGUAGE_STANDARD = gnu11;
				GCC_NO_COMMON_BLOCKS = YES;
				GCC_WARN_64_TO_32_BIT_CONVERSION = YES;
				GCC_WARN_ABOUT_RETURN_TYPE = YES_ERROR;
				GCC_WARN_UNDECLARED_SELECTOR = YES;
				GCC_WARN_UNINITIALIZED_AUTOS = YES_AGGRESSIVE;
				GCC_WARN_UNUSED_FUNCTION = YES;
				GCC_WARN_UNUSED_VARIABLE = YES;
				IPHONEOS_DEPLOYMENT_TARGET = 15.0;
				MTL_ENABLE_DEBUG_INFO = NO;
				MTL_FAST_MATH = YES;
				SDKROOT = iphoneos;
				SWIFT_COMPILATION_MODE = wholemodule;
				SWIFT_OPTIMIZATION_LEVEL = "-O";
				VALIDATE_PRODUCT = YES;
			};
			name = Release;
		};
		B135FA9127C80C7600521EAD /* Debug */ = {
			isa = XCBuildConfiguration;
			buildSettings = {
				ASSETCATALOG_COMPILER_APPICON_NAME = AppIcon;
				ASSETCATALOG_COMPILER_GLOBAL_ACCENT_COLOR_NAME = AccentColor;
				CODE_SIGN_STYLE = Automatic;
				CURRENT_PROJECT_VERSION = 1;
				DEVELOPMENT_TEAM = Y487CY958A;
				GENERATE_INFOPLIST_FILE = YES;
				INFOPLIST_FILE = AdvancedCoordinator/Info.plist;
				INFOPLIST_KEY_UIApplicationSupportsIndirectInputEvents = YES;
				INFOPLIST_KEY_UILaunchStoryboardName = LaunchScreen;
				INFOPLIST_KEY_UIMainStoryboardFile = LaunchScreen;
				INFOPLIST_KEY_UISupportedInterfaceOrientations_iPad = "UIInterfaceOrientationPortrait UIInterfaceOrientationPortraitUpsideDown UIInterfaceOrientationLandscapeLeft UIInterfaceOrientationLandscapeRight";
				INFOPLIST_KEY_UISupportedInterfaceOrientations_iPhone = "UIInterfaceOrientationPortrait UIInterfaceOrientationLandscapeLeft UIInterfaceOrientationLandscapeRight";
				LD_RUNPATH_SEARCH_PATHS = (
					"$(inherited)",
					"@executable_path/Frameworks",
				);
				MARKETING_VERSION = 1.0;
				PRODUCT_BUNDLE_IDENTIFIER = PaoloProdossimoLopes.AdvancedCoordinator;
				PRODUCT_NAME = "$(TARGET_NAME)";
				SWIFT_EMIT_LOC_STRINGS = YES;
				SWIFT_VERSION = 5.0;
				TARGETED_DEVICE_FAMILY = "1,2";
			};
			name = Debug;
		};
		B135FA9227C80C7600521EAD /* Release */ = {
			isa = XCBuildConfiguration;
			buildSettings = {
				ASSETCATALOG_COMPILER_APPICON_NAME = AppIcon;
				ASSETCATALOG_COMPILER_GLOBAL_ACCENT_COLOR_NAME = AccentColor;
				CODE_SIGN_STYLE = Automatic;
				CURRENT_PROJECT_VERSION = 1;
				DEVELOPMENT_TEAM = Y487CY958A;
				GENERATE_INFOPLIST_FILE = YES;
				INFOPLIST_FILE = AdvancedCoordinator/Info.plist;
				INFOPLIST_KEY_UIApplicationSupportsIndirectInputEvents = YES;
				INFOPLIST_KEY_UILaunchStoryboardName = LaunchScreen;
				INFOPLIST_KEY_UIMainStoryboardFile = LaunchScreen;
				INFOPLIST_KEY_UISupportedInterfaceOrientations_iPad = "UIInterfaceOrientationPortrait UIInterfaceOrientationPortraitUpsideDown UIInterfaceOrientationLandscapeLeft UIInterfaceOrientationLandscapeRight";
				INFOPLIST_KEY_UISupportedInterfaceOrientations_iPhone = "UIInterfaceOrientationPortrait UIInterfaceOrientationLandscapeLeft UIInterfaceOrientationLandscapeRight";
				LD_RUNPATH_SEARCH_PATHS = (
					"$(inherited)",
					"@executable_path/Frameworks",
				);
				MARKETING_VERSION = 1.0;
				PRODUCT_BUNDLE_IDENTIFIER = PaoloProdossimoLopes.AdvancedCoordinator;
				PRODUCT_NAME = "$(TARGET_NAME)";
				SWIFT_EMIT_LOC_STRINGS = YES;
				SWIFT_VERSION = 5.0;
				TARGETED_DEVICE_FAMILY = "1,2";
			};
			name = Release;
		};
/* End XCBuildConfiguration section */

/* Begin XCConfigurationList section */
		B135FA7727C80C7200521EAD /* Build configuration list for PBXProject "AdvancedCoordinator" */ = {
			isa = XCConfigurationList;
			buildConfigurations = (
				B135FA8E27C80C7600521EAD /* Debug */,
				B135FA8F27C80C7600521EAD /* Release */,
			);
			defaultConfigurationIsVisible = 0;
			defaultConfigurationName = Release;
		};
		B135FA9027C80C7600521EAD /* Build configuration list for PBXNativeTarget "AdvancedCoordinator" */ = {
			isa = XCConfigurationList;
			buildConfigurations = (
				B135FA9127C80C7600521EAD /* Debug */,
				B135FA9227C80C7600521EAD /* Release */,
			);
			defaultConfigurationIsVisible = 0;
			defaultConfigurationName = Release;
		};
/* End XCConfigurationList section */
	};
	rootObject = B135FA7427C80C7200521EAD /* Project object */;
}
